<?xml version="1.0" encoding="utf-8"?>
<Project ToolsVersion="4.0" xmlns="http://schemas.microsoft.com/developer/msbuild/2003">
  <ItemGroup>
    <ClCompile Include="main.cpp" />
    <ClCompile Include="TestSource1.cpp">
      <Filter>source</Filter>
    </ClCompile>
    <ClCompile Include="..\TestSharedProject\WriteToConsole.cpp">
      <Filter>shared\source</Filter>
    </ClCompile>
  </ItemGroup>
  <ItemGroup>
    <Filter Include="headers">
      <UniqueIdentifier>{d38f7297-9d7a-41bf-829b-39b72cbf1ce4}</UniqueIdentifier>
    </Filter>
    <Filter Include="source">
      <UniqueIdentifier>{9e76324d-4cc2-4afa-863c-f739d24a411f}</UniqueIdentifier>
    </Filter>
    <Filter Include="shared">
      <UniqueIdentifier>{76a0d542-4c58-4731-894d-747d95597e77}</UniqueIdentifier>
    </Filter>
    <Filter Include="shared\headers">
      <UniqueIdentifier>{3c17d685-90c9-4c8f-a820-f40275460291}</UniqueIdentifier>
    </Filter>
    <Filter Include="shared\source">
      <UniqueIdentifier>{ec21808b-9a4d-42c3-a6cb-8c027794323a}</UniqueIdentifier>
    </Filter>
  </ItemGroup>
  <ItemGroup>
    <ClInclude Include="TestHeader1.h">
      <Filter>headers</Filter>
    </ClInclude>
  </ItemGroup>
</Project>